
Microsoft Visual Studio Solution File, Format Version 12.00
# Visual Studio Version 17
VisualStudioVersion = 17.2.32616.157
MinimumVisualStudioVersion = 10.0.40219.1
Project("{FAE04EC0-301F-11D3-BF4B-00C04F79EFBC}") = "PhraseFromMSWordToExcel", "PhraseFromMSWordToExcel.csproj", "{98F0FD0D-75F5-4407-BE1B-344190CA4FA0}"
EndProject
Global
	GlobalSection(SolutionConfigurationPlatforms) = preSolution
		Debug|Any CPU = Debug|Any CPU
		Release|Any CPU = Release|Any CPU
	EndGlobalSection
	GlobalSection(ProjectConfigurationPlatforms) = postSolution
		{98F0FD0D-75F5-4407-BE1B-344190CA4FA0}.Debug|Any CPU.ActiveCfg = Debug|Any CPU
		{98F0FD0D-75F5-4407-BE1B-344190CA4FA0}.Debug|Any CPU.Build.0 = Debug|Any CPU
		{98F0FD0D-75F5-4407-BE1B-344190CA4FA0}.Release|Any CPU.ActiveCfg = Release|Any CPU
		{98F0FD0D-75F5-4407-BE1B-344190CA4FA0}.Release|Any CPU.Build.0 = Release|Any CPU
	EndGlobalSection
	GlobalSection(SolutionProperties) = preSolution
		HideSolutionNode = FALSE
	EndGlobalSection
	GlobalSection(ExtensibilityGlobals) = postSolution
		SolutionGuid = {B9AC6D3B-C509-42A0-9108-1A902102C574}
	EndGlobalSection
EndGlobal
